
Microsoft Visual Studio Solution File, Format Version 12.00
# Visual Studio Version 16
VisualStudioVersion = 16.0.30011.22
MinimumVisualStudioVersion = 10.0.40219.1
Project("{FAE04EC0-301F-11D3-BF4B-00C04F79EFBC}") = "Lesson2Homework3", "Lesson2Homework3\Lesson2Homework3.csproj", "{FA5A7281-848E-49AC-B7E9-BF1D375DF74D}"
EndProject
Global
	GlobalSection(SolutionConfigurationPlatforms) = preSolution
		Debug|Any CPU = Debug|Any CPU
		Release|Any CPU = Release|Any CPU
	EndGlobalSection
	GlobalSection(ProjectConfigurationPlatforms) = postSolution
		{FA5A7281-848E-49AC-B7E9-BF1D375DF74D}.Debug|Any CPU.ActiveCfg = Debug|Any CPU
		{FA5A7281-848E-49AC-B7E9-BF1D375DF74D}.Debug|Any CPU.Build.0 = Debug|Any CPU
		{FA5A7281-848E-49AC-B7E9-BF1D375DF74D}.Release|Any CPU.ActiveCfg = Release|Any CPU
		{FA5A7281-848E-49AC-B7E9-BF1D375DF74D}.Release|Any CPU.Build.0 = Release|Any CPU
	EndGlobalSection
	GlobalSection(SolutionProperties) = preSolution
		HideSolutionNode = FALSE
	EndGlobalSection
	GlobalSection(ExtensibilityGlobals) = postSolution
		SolutionGuid = {AEF374B5-4B4D-453D-92CD-737D91D3A042}
	EndGlobalSection
EndGlobal
